
Microsoft Visual Studio Solution File, Format Version 12.00
# Visual Studio Version 17
VisualStudioVersion = 17.4.33213.308
MinimumVisualStudioVersion = 10.0.40219.1
Project("{FAE04EC0-301F-11D3-BF4B-00C04F79EFBC}") = "FuncionesLibreriaMath", "FuncionesLibreriaMath.csproj", "{EDA41164-9CB3-4A04-BEF8-E015B8366987}"
EndProject
Global
	GlobalSection(SolutionConfigurationPlatforms) = preSolution
		Debug|Any CPU = Debug|Any CPU
		Release|Any CPU = Release|Any CPU
	EndGlobalSection
	GlobalSection(ProjectConfigurationPlatforms) = postSolution
		{EDA41164-9CB3-4A04-BEF8-E015B8366987}.Debug|Any CPU.ActiveCfg = Debug|Any CPU
		{EDA41164-9CB3-4A04-BEF8-E015B8366987}.Debug|Any CPU.Build.0 = Debug|Any CPU
		{EDA41164-9CB3-4A04-BEF8-E015B8366987}.Release|Any CPU.ActiveCfg = Release|Any CPU
		{EDA41164-9CB3-4A04-BEF8-E015B8366987}.Release|Any CPU.Build.0 = Release|Any CPU
	EndGlobalSection
	GlobalSection(SolutionProperties) = preSolution
		HideSolutionNode = FALSE
	EndGlobalSection
	GlobalSection(ExtensibilityGlobals) = postSolution
		SolutionGuid = {8E748CCB-9F68-4134-A6B1-F8BEA8D815F5}
	EndGlobalSection
EndGlobal
